{
  "name": "rb_tt_game",
  "version": "1.0.1",
  "lockfileVersion": 1,
  "requires": true,
  "dependencies": {
    "rb_tt_library": {
      "version": "1.0.1",
      "resolved": "https://registry.npmjs.org/rb_tt_library/-/rb_tt_library-1.0.1.tgz",
      "integrity": "sha512-PBRtO0v571rSnPdcglSGRcZo0kD879M1kx5AVHE4juUL8qa1B2w8CJeCAhdjwzpOHRt1iv3ITS0+5MUgQCZCGQ=="
    }
  }
}
